
Microsoft Visual Studio Solution File, Format Version 12.00
# Visual Studio 15
VisualStudioVersion = 15.0.27428.1
MinimumVisualStudioVersion = 10.0.40219.1
Project("{FAE04EC0-301F-11D3-BF4B-00C04F79EFBC}") = "DreamStage", "DreamStage\DreamStage.csproj", "{2BC621AC-098D-491B-AD8F-6178337A9FD3}"
EndProject
Global
	GlobalSection(SolutionConfigurationPlatforms) = preSolution
		Debug|Any CPU = Debug|Any CPU
		Release|Any CPU = Release|Any CPU
	EndGlobalSection
	GlobalSection(ProjectConfigurationPlatforms) = postSolution
		{2BC621AC-098D-491B-AD8F-6178337A9FD3}.Debug|Any CPU.ActiveCfg = Debug|Any CPU
		{2BC621AC-098D-491B-AD8F-6178337A9FD3}.Debug|Any CPU.Build.0 = Debug|Any CPU
		{2BC621AC-098D-491B-AD8F-6178337A9FD3}.Release|Any CPU.ActiveCfg = Release|Any CPU
		{2BC621AC-098D-491B-AD8F-6178337A9FD3}.Release|Any CPU.Build.0 = Release|Any CPU
	EndGlobalSection
	GlobalSection(SolutionProperties) = preSolution
		HideSolutionNode = FALSE
	EndGlobalSection
	GlobalSection(ExtensibilityGlobals) = postSolution
		SolutionGuid = {F045C123-44C4-4664-AA7F-1D8B14A0BC14}
	EndGlobalSection
EndGlobal
